
Microsoft Visual Studio Solution File, Format Version 12.00
# Visual Studio 2017
Project("{FAE04EC0-301F-11D3-BF4B-00C04F79EFBC}") = "Grupo5-9e95d4e068ccf47cf5413a420567ceb7e3a3001b.Plugins", "Grupo5-9e95d4e068ccf47cf5413a420567ceb7e3a3001b.Plugins.csproj", "{58079801-8181-E3C4-6E81-C641CD4141FF}"
EndProject
Project("{FAE04EC0-301F-11D3-BF4B-00C04F79EFBC}") = "Grupo5-9e95d4e068ccf47cf5413a420567ceb7e3a3001b", "Grupo5-9e95d4e068ccf47cf5413a420567ceb7e3a3001b.csproj", "{0336507D-740A-C46E-5358-C057CEA38A4B}"
EndProject
Project("{FAE04EC0-301F-11D3-BF4B-00C04F79EFBC}") = "Grupo5-9e95d4e068ccf47cf5413a420567ceb7e3a3001b.Editor", "Grupo5-9e95d4e068ccf47cf5413a420567ceb7e3a3001b.Editor.csproj", "{4B0991EE-50D5-3165-09F3-92FD3D216A45}"
EndProject
Project("{FAE04EC0-301F-11D3-BF4B-00C04F79EFBC}") = "Grupo5-9e95d4e068ccf47cf5413a420567ceb7e3a3001b.Editor.Plugins", "Grupo5-9e95d4e068ccf47cf5413a420567ceb7e3a3001b.Editor.Plugins.csproj", "{93680FC4-EB6B-44E2-8188-7823F68F0D4D}"
EndProject
Global
	GlobalSection(SolutionConfigurationPlatforms) = preSolution
		Debug|Any CPU = Debug|Any CPU
		Release|Any CPU = Release|Any CPU
	EndGlobalSection
	GlobalSection(ProjectConfigurationPlatforms) = postSolution
		{58079801-8181-E3C4-6E81-C641CD4141FF}.Debug|Any CPU.ActiveCfg = Debug|Any CPU
		{58079801-8181-E3C4-6E81-C641CD4141FF}.Debug|Any CPU.Build.0 = Debug|Any CPU
		{58079801-8181-E3C4-6E81-C641CD4141FF}.Release|Any CPU.ActiveCfg = Release|Any CPU
		{58079801-8181-E3C4-6E81-C641CD4141FF}.Release|Any CPU.Build.0 = Release|Any CPU
		{0336507D-740A-C46E-5358-C057CEA38A4B}.Debug|Any CPU.ActiveCfg = Debug|Any CPU
		{0336507D-740A-C46E-5358-C057CEA38A4B}.Debug|Any CPU.Build.0 = Debug|Any CPU
		{0336507D-740A-C46E-5358-C057CEA38A4B}.Release|Any CPU.ActiveCfg = Release|Any CPU
		{0336507D-740A-C46E-5358-C057CEA38A4B}.Release|Any CPU.Build.0 = Release|Any CPU
		{4B0991EE-50D5-3165-09F3-92FD3D216A45}.Debug|Any CPU.ActiveCfg = Debug|Any CPU
		{4B0991EE-50D5-3165-09F3-92FD3D216A45}.Debug|Any CPU.Build.0 = Debug|Any CPU
		{4B0991EE-50D5-3165-09F3-92FD3D216A45}.Release|Any CPU.ActiveCfg = Release|Any CPU
		{4B0991EE-50D5-3165-09F3-92FD3D216A45}.Release|Any CPU.Build.0 = Release|Any CPU
		{93680FC4-EB6B-44E2-8188-7823F68F0D4D}.Debug|Any CPU.ActiveCfg = Debug|Any CPU
		{93680FC4-EB6B-44E2-8188-7823F68F0D4D}.Debug|Any CPU.Build.0 = Debug|Any CPU
		{93680FC4-EB6B-44E2-8188-7823F68F0D4D}.Release|Any CPU.ActiveCfg = Release|Any CPU
		{93680FC4-EB6B-44E2-8188-7823F68F0D4D}.Release|Any CPU.Build.0 = Release|Any CPU
	EndGlobalSection
	GlobalSection(SolutionProperties) = preSolution
		HideSolutionNode = FALSE
	EndGlobalSection
EndGlobal
